// !$*UTF8*$!
{
	archiveVersion = 1;
	classes = {
	};
	objectVersion = 56;
	objects = {

/* Begin PBXBuildFile section */
		2D609F4329C9BA5D0072D3FE /* AppDelegate.swift in Sources */ = {isa = PBXBuildFile; fileRef = 2D609F4229C9BA5D0072D3FE /* AppDelegate.swift */; };
		2D609F4529C9BA5D0072D3FE /* SceneDelegate.swift in Sources */ = {isa = PBXBuildFile; fileRef = 2D609F4429C9BA5D0072D3FE /* SceneDelegate.swift */; };
		2D609F4729C9BA5D0072D3FE /* RacesViewController.swift in Sources */ = {isa = PBXBuildFile; fileRef = 2D609F4629C9BA5D0072D3FE /* RacesViewController.swift */; };
		2D609F4C29C9BA5D0072D3FE /* Assets.xcassets in Resources */ = {isa = PBXBuildFile; fileRef = 2D609F4B29C9BA5D0072D3FE /* Assets.xcassets */; };
		2D609F4F29C9BA5D0072D3FE /* LaunchScreen.storyboard in Resources */ = {isa = PBXBuildFile; fileRef = 2D609F4D29C9BA5D0072D3FE /* LaunchScreen.storyboard */; };
		2D609F5B29C9C68E0072D3FE /* F1StatsKit in Frameworks */ = {isa = PBXBuildFile; productRef = 2D609F5A29C9C68E0072D3FE /* F1StatsKit */; };
		2DF8D97A29CB794C00C66C66 /* ViewControllerFactory.swift in Sources */ = {isa = PBXBuildFile; fileRef = 2DF8D97929CB794C00C66C66 /* ViewControllerFactory.swift */; };
		2DF8D97C29CB799600C66C66 /* UIViewControllerFactory.swift in Sources */ = {isa = PBXBuildFile; fileRef = 2DF8D97B29CB799600C66C66 /* UIViewControllerFactory.swift */; };
/* End PBXBuildFile section */

/* Begin PBXFileReference section */
		2D609F3F29C9BA5D0072D3FE /* F1StatsApp.app */ = {isa = PBXFileReference; explicitFileType = wrapper.application; includeInIndex = 0; path = F1StatsApp.app; sourceTree = BUILT_PRODUCTS_DIR; };
		2D609F4229C9BA5D0072D3FE /* AppDelegate.swift */ = {isa = PBXFileReference; lastKnownFileType = sourcecode.swift; path = AppDelegate.swift; sourceTree = "<group>"; };
		2D609F4429C9BA5D0072D3FE /* SceneDelegate.swift */ = {isa = PBXFileReference; lastKnownFileType = sourcecode.swift; path = SceneDelegate.swift; sourceTree = "<group>"; };
		2D609F4629C9BA5D0072D3FE /* RacesViewController.swift */ = {isa = PBXFileReference; lastKnownFileType = sourcecode.swift; path = RacesViewController.swift; sourceTree = "<group>"; };
		2D609F4B29C9BA5D0072D3FE /* Assets.xcassets */ = {isa = PBXFileReference; lastKnownFileType = folder.assetcatalog; path = Assets.xcassets; sourceTree = "<group>"; };
		2D609F4E29C9BA5D0072D3FE /* Base */ = {isa = PBXFileReference; lastKnownFileType = file.storyboard; name = Base; path = Base.lproj/LaunchScreen.storyboard; sourceTree = "<group>"; };
		2D609F5029C9BA5D0072D3FE /* Info.plist */ = {isa = PBXFileReference; lastKnownFileType = text.plist.xml; path = Info.plist; sourceTree = "<group>"; };
		2D609F5829C9BF8B0072D3FE /* F1StatsKit */ = {isa = PBXFileReference; lastKnownFileType = wrapper; path = F1StatsKit; sourceTree = "<group>"; };
		2DF8D97929CB794C00C66C66 /* ViewControllerFactory.swift */ = {isa = PBXFileReference; lastKnownFileType = sourcecode.swift; path = ViewControllerFactory.swift; sourceTree = "<group>"; };
		2DF8D97B29CB799600C66C66 /* UIViewControllerFactory.swift */ = {isa = PBXFileReference; lastKnownFileType = sourcecode.swift; path = UIViewControllerFactory.swift; sourceTree = "<group>"; };
/* End PBXFileReference section */

/* Begin PBXFrameworksBuildPhase section */
		2D609F3C29C9BA5D0072D3FE /* Frameworks */ = {
			isa = PBXFrameworksBuildPhase;
			buildActionMask = 2147483647;
			files = (
				2D609F5B29C9C68E0072D3FE /* F1StatsKit in Frameworks */,
			);
			runOnlyForDeploymentPostprocessing = 0;
		};
/* End PBXFrameworksBuildPhase section */

/* Begin PBXGroup section */
		2D609F3629C9BA5D0072D3FE = {
			isa = PBXGroup;
			children = (
				2D609F5829C9BF8B0072D3FE /* F1StatsKit */,
				2D609F4129C9BA5D0072D3FE /* F1StatsApp */,
				2D609F4029C9BA5D0072D3FE /* Products */,
				2D609F5929C9C68E0072D3FE /* Frameworks */,
			);
			sourceTree = "<group>";
		};
		2D609F4029C9BA5D0072D3FE /* Products */ = {
			isa = PBXGroup;
			children = (
				2D609F3F29C9BA5D0072D3FE /* F1StatsApp.app */,
			);
			name = Products;
			sourceTree = "<group>";
		};
		2D609F4129C9BA5D0072D3FE /* F1StatsApp */ = {
			isa = PBXGroup;
			children = (
				2DF8D97D29CB7A4000C66C66 /* ViewControllers */,
				2DF8D97829CB791400C66C66 /* Factories */,
				2D609F4229C9BA5D0072D3FE /* AppDelegate.swift */,
				2D609F4429C9BA5D0072D3FE /* SceneDelegate.swift */,
				2D609F4B29C9BA5D0072D3FE /* Assets.xcassets */,
				2D609F4D29C9BA5D0072D3FE /* LaunchScreen.storyboard */,
				2D609F5029C9BA5D0072D3FE /* Info.plist */,
			);
			path = F1StatsApp;
			sourceTree = "<group>";
		};
		2D609F5929C9C68E0072D3FE /* Frameworks */ = {
			isa = PBXGroup;
			children = (
			);
			name = Frameworks;
			sourceTree = "<group>";
		};
		2DF8D97829CB791400C66C66 /* Factories */ = {
			isa = PBXGroup;
			children = (
				2DF8D97929CB794C00C66C66 /* ViewControllerFactory.swift */,
				2DF8D97B29CB799600C66C66 /* UIViewControllerFactory.swift */,
			);
			path = Factories;
			sourceTree = "<group>";
		};
		2DF8D97D29CB7A4000C66C66 /* ViewControllers */ = {
			isa = PBXGroup;
			children = (
				2D609F4629C9BA5D0072D3FE /* RacesViewController.swift */,
			);
			path = ViewControllers;
			sourceTree = "<group>";
		};
/* End PBXGroup section */

/* Begin PBXNativeTarget section */
		2D609F3E29C9BA5D0072D3FE /* F1StatsApp */ = {
			isa = PBXNativeTarget;
			buildConfigurationList = 2D609F5329C9BA5D0072D3FE /* Build configuration list for PBXNativeTarget "F1StatsApp" */;
			buildPhases = (
				2D609F3B29C9BA5D0072D3FE /* Sources */,
				2D609F3C29C9BA5D0072D3FE /* Frameworks */,
				2D609F3D29C9BA5D0072D3FE /* Resources */,
			);
			buildRules = (
			);
			dependencies = (
			);
			name = F1StatsApp;
			packageProductDependencies = (
				2D609F5A29C9C68E0072D3FE /* F1StatsKit */,
			);
			productName = F1StatsApp;
			productReference = 2D609F3F29C9BA5D0072D3FE /* F1StatsApp.app */;
			productType = "com.apple.product-type.application";
		};
/* End PBXNativeTarget section */

/* Begin PBXProject section */
		2D609F3729C9BA5D0072D3FE /* Project object */ = {
			isa = PBXProject;
			attributes = {
				BuildIndependentTargetsInParallel = 1;
				LastSwiftUpdateCheck = 1420;
				LastUpgradeCheck = 1420;
				TargetAttributes = {
					2D609F3E29C9BA5D0072D3FE = {
						CreatedOnToolsVersion = 14.2;
					};
				};
			};
			buildConfigurationList = 2D609F3A29C9BA5D0072D3FE /* Build configuration list for PBXProject "F1StatsApp" */;
			compatibilityVersion = "Xcode 14.0";
			developmentRegion = en;
			hasScannedForEncodings = 0;
			knownRegions = (
				en,
				Base,
			);
			mainGroup = 2D609F3629C9BA5D0072D3FE;
			productRefGroup = 2D609F4029C9BA5D0072D3FE /* Products */;
			projectDirPath = "";
			projectRoot = "";
			targets = (
				2D609F3E29C9BA5D0072D3FE /* F1StatsApp */,
			);
		};
/* End PBXProject section */

/* Begin PBXResourcesBuildPhase section */
		2D609F3D29C9BA5D0072D3FE /* Resources */ = {
			isa = PBXResourcesBuildPhase;
			buildActionMask = 2147483647;
			files = (
				2D609F4F29C9BA5D0072D3FE /* LaunchScreen.storyboard in Resources */,
				2D609F4C29C9BA5D0072D3FE /* Assets.xcassets in Resources */,
			);
			runOnlyForDeploymentPostprocessing = 0;
		};
/* End PBXResourcesBuildPhase section */

/* Begin PBXSourcesBuildPhase section */
		2D609F3B29C9BA5D0072D3FE /* Sources */ = {
			isa = PBXSourcesBuildPhase;
			buildActionMask = 2147483647;
			files = (
				2DF8D97C29CB799600C66C66 /* UIViewControllerFactory.swift in Sources */,
				2D609F4729C9BA5D0072D3FE /* RacesViewController.swift in Sources */,
				2DF8D97A29CB794C00C66C66 /* ViewControllerFactory.swift in Sources */,
				2D609F4329C9BA5D0072D3FE /* AppDelegate.swift in Sources */,
				2D609F4529C9BA5D0072D3FE /* SceneDelegate.swift in Sources */,
			);
			runOnlyForDeploymentPostprocessing = 0;
		};
/* End PBXSourcesBuildPhase section */

/* Begin PBXVariantGroup section */
		2D609F4D29C9BA5D0072D3FE /* LaunchScreen.storyboard */ = {
			isa = PBXVariantGroup;
			children = (
				2D609F4E29C9BA5D0072D3FE /* Base */,
			);
			name = LaunchScreen.storyboard;
			sourceTree = "<group>";
		};
/* End PBXVariantGroup section */

/* Begin XCBuildConfiguration section */
		2D609F5129C9BA5D0072D3FE /* Debug */ = {
			isa = XCBuildConfiguration;
			buildSettings = {
				ALWAYS_SEARCH_USER_PATHS = NO;
				CLANG_ANALYZER_NONNULL = YES;
				CLANG_ANALYZER_NUMBER_OBJECT_CONVERSION = YES_AGGRESSIVE;
				CLANG_CXX_LANGUAGE_STANDARD = "gnu++20";
				CLANG_ENABLE_MODULES = YES;
				CLANG_ENABLE_OBJC_ARC = YES;
				CLANG_ENABLE_OBJC_WEAK = YES;
				CLANG_WARN_BLOCK_CAPTURE_AUTORELEASING = YES;
				CLANG_WARN_BOOL_CONVERSION = YES;
				CLANG_WARN_COMMA = YES;
				CLANG_WARN_CONSTANT_CONVERSION = YES;
				CLANG_WARN_DEPRECATED_OBJC_IMPLEMENTATIONS = YES;
				CLANG_WARN_DIRECT_OBJC_ISA_USAGE = YES_ERROR;
				CLANG_WARN_DOCUMENTATION_COMMENTS = YES;
				CLANG_WARN_EMPTY_BODY = YES;
				CLANG_WARN_ENUM_CONVERSION = YES;
				CLANG_WARN_INFINITE_RECURSION = YES;
				CLANG_WARN_INT_CONVERSION = YES;
				CLANG_WARN_NON_LITERAL_NULL_CONVERSION = YES;
				CLANG_WARN_OBJC_IMPLICIT_RETAIN_SELF = YES;
				CLANG_WARN_OBJC_LITERAL_CONVERSION = YES;
				CLANG_WARN_OBJC_ROOT_CLASS = YES_ERROR;
				CLANG_WARN_QUOTED_INCLUDE_IN_FRAMEWORK_HEADER = YES;
				CLANG_WARN_RANGE_LOOP_ANALYSIS = YES;
				CLANG_WARN_STRICT_PROTOTYPES = YES;
				CLANG_WARN_SUSPICIOUS_MOVE = YES;
				CLANG_WARN_UNGUARDED_AVAILABILITY = YES_AGGRESSIVE;
				CLANG_WARN_UNREACHABLE_CODE = YES;
				CLANG_WARN__DUPLICATE_METHOD_MATCH = YES;
				COPY_PHASE_STRIP = NO;
				DEBUG_INFORMATION_FORMAT = dwarf;
				ENABLE_STRICT_OBJC_MSGSEND = YES;
				ENABLE_TESTABILITY = YES;
				GCC_C_LANGUAGE_STANDARD = gnu11;
				GCC_DYNAMIC_NO_PIC = NO;
				GCC_NO_COMMON_BLOCKS = YES;
				GCC_OPTIMIZATION_LEVEL = 0;
				GCC_PREPROCESSOR_DEFINITIONS = (
					"DEBUG=1",
					"$(inherited)",
				);
				GCC_WARN_64_TO_32_BIT_CONVERSION = YES;
				GCC_WARN_ABOUT_RETURN_TYPE = YES_ERROR;
				GCC_WARN_UNDECLARED_SELECTOR = YES;
				GCC_WARN_UNINITIALIZED_AUTOS = YES_AGGRESSIVE;
				GCC_WARN_UNUSED_FUNCTION = YES;
				GCC_WARN_UNUSED_VARIABLE = YES;
				IPHONEOS_DEPLOYMENT_TARGET = 16.2;
				MTL_ENABLE_DEBUG_INFO = INCLUDE_SOURCE;
				MTL_FAST_MATH = YES;
				ONLY_ACTIVE_ARCH = YES;
				SDKROOT = iphoneos;
				SWIFT_ACTIVE_COMPILATION_CONDITIONS = DEBUG;
				SWIFT_OPTIMIZATION_LEVEL = "-Onone";
			};
			name = Debug;
		};
		2D609F5229C9BA5D0072D3FE /* Release */ = {
			isa = XCBuildConfiguration;
			buildSettings = {
				ALWAYS_SEARCH_USER_PATHS = NO;
				CLANG_ANALYZER_NONNULL = YES;
				CLANG_ANALYZER_NUMBER_OBJECT_CONVERSION = YES_AGGRESSIVE;
				CLANG_CXX_LANGUAGE_STANDARD = "gnu++20";
				CLANG_ENABLE_MODULES = YES;
				CLANG_ENABLE_OBJC_ARC = YES;
				CLANG_ENABLE_OBJC_WEAK = YES;
				CLANG_WARN_BLOCK_CAPTURE_AUTORELEASING = YES;
				CLANG_WARN_BOOL_CONVERSION = YES;
				CLANG_WARN_COMMA = YES;
				CLANG_WARN_CONSTANT_CONVERSION = YES;
				CLANG_WARN_DEPRECATED_OBJC_IMPLEMENTATIONS = YES;
				CLANG_WARN_DIRECT_OBJC_ISA_USAGE = YES_ERROR;
				CLANG_WARN_DOCUMENTATION_COMMENTS = YES;
				CLANG_WARN_EMPTY_BODY = YES;
				CLANG_WARN_ENUM_CONVERSION = YES;
				CLANG_WARN_INFINITE_RECURSION = YES;
				CLANG_WARN_INT_CONVERSION = YES;
				CLANG_WARN_NON_LITERAL_NULL_CONVERSION = YES;
				CLANG_WARN_OBJC_IMPLICIT_RETAIN_SELF = YES;
				CLANG_WARN_OBJC_LITERAL_CONVERSION = YES;
				CLANG_WARN_OBJC_ROOT_CLASS = YES_ERROR;
				CLANG_WARN_QUOTED_INCLUDE_IN_FRAMEWORK_HEADER = YES;
				CLANG_WARN_RANGE_LOOP_ANALYSIS = YES;
				CLANG_WARN_STRICT_PROTOTYPES = YES;
				CLANG_WARN_SUSPICIOUS_MOVE = YES;
				CLANG_WARN_UNGUARDED_AVAILABILITY = YES_AGGRESSIVE;
				CLANG_WARN_UNREACHABLE_CODE = YES;
				CLANG_WARN__DUPLICATE_METHOD_MATCH = YES;
				COPY_PHASE_STRIP = NO;
				DEBUG_INFORMATION_FORMAT = "dwarf-with-dsym";
				ENABLE_NS_ASSERTIONS = NO;
				ENABLE_STRICT_OBJC_MSGSEND = YES;
				GCC_C_LANGUAGE_STANDARD = gnu11;
				GCC_NO_COMMON_BLOCKS = YES;
				GCC_WARN_64_TO_32_BIT_CONVERSION = YES;
				GCC_WARN_ABOUT_RETURN_TYPE = YES_ERROR;
				GCC_WARN_UNDECLARED_SELECTOR = YES;
				GCC_WARN_UNINITIALIZED_AUTOS = YES_AGGRESSIVE;
				GCC_WARN_UNUSED_FUNCTION = YES;
				GCC_WARN_UNUSED_VARIABLE = YES;
				IPHONEOS_DEPLOYMENT_TARGET = 16.2;
				MTL_ENABLE_DEBUG_INFO = NO;
				MTL_FAST_MATH = YES;
				SDKROOT = iphoneos;
				SWIFT_COMPILATION_MODE = wholemodule;
				SWIFT_OPTIMIZATION_LEVEL = "-O";
				VALIDATE_PRODUCT = YES;
			};
			name = Release;
		};
		2D609F5429C9BA5D0072D3FE /* Debug */ = {
			isa = XCBuildConfiguration;
			buildSettings = {
				ASSETCATALOG_COMPILER_APPICON_NAME = AppIcon;
				ASSETCATALOG_COMPILER_GLOBAL_ACCENT_COLOR_NAME = AccentColor;
				CODE_SIGN_STYLE = Automatic;
				CURRENT_PROJECT_VERSION = 1;
				DEVELOPMENT_TEAM = A8DRB9NKCV;
				GENERATE_INFOPLIST_FILE = YES;
				INFOPLIST_FILE = F1StatsApp/Info.plist;
				INFOPLIST_KEY_UIApplicationSupportsIndirectInputEvents = YES;
				INFOPLIST_KEY_UILaunchStoryboardName = LaunchScreen;
				INFOPLIST_KEY_UISupportedInterfaceOrientations_iPad = "UIInterfaceOrientationPortrait UIInterfaceOrientationPortraitUpsideDown UIInterfaceOrientationLandscapeLeft UIInterfaceOrientationLandscapeRight";
				INFOPLIST_KEY_UISupportedInterfaceOrientations_iPhone = "UIInterfaceOrientationPortrait UIInterfaceOrientationLandscapeLeft UIInterfaceOrientationLandscapeRight";
				LD_RUNPATH_SEARCH_PATHS = (
					"$(inherited)",
					"@executable_path/Frameworks",
				);
				MARKETING_VERSION = 1.0;
				PRODUCT_BUNDLE_IDENTIFIER = com.lorenzo.brescanzin.F1StatsApp;
				PRODUCT_NAME = "$(TARGET_NAME)";
				SWIFT_EMIT_LOC_STRINGS = YES;
				SWIFT_VERSION = 5.0;
				TARGETED_DEVICE_FAMILY = "1,2";
			};
			name = Debug;
		};
		2D609F5529C9BA5D0072D3FE /* Release */ = {
			isa = XCBuildConfiguration;
			buildSettings = {
				ASSETCATALOG_COMPILER_APPICON_NAME = AppIcon;
				ASSETCATALOG_COMPILER_GLOBAL_ACCENT_COLOR_NAME = AccentColor;
				CODE_SIGN_STYLE = Automatic;
				CURRENT_PROJECT_VERSION = 1;
				DEVELOPMENT_TEAM = A8DRB9NKCV;
				GENERATE_INFOPLIST_FILE = YES;
				INFOPLIST_FILE = F1StatsApp/Info.plist;
				INFOPLIST_KEY_UIApplicationSupportsIndirectInputEvents = YES;
				INFOPLIST_KEY_UILaunchStoryboardName = LaunchScreen;
				INFOPLIST_KEY_UISupportedInterfaceOrientations_iPad = "UIInterfaceOrientationPortrait UIInterfaceOrientationPortraitUpsideDown UIInterfaceOrientationLandscapeLeft UIInterfaceOrientationLandscapeRight";
				INFOPLIST_KEY_UISupportedInterfaceOrientations_iPhone = "UIInterfaceOrientationPortrait UIInterfaceOrientationLandscapeLeft UIInterfaceOrientationLandscapeRight";
				LD_RUNPATH_SEARCH_PATHS = (
					"$(inherited)",
					"@executable_path/Frameworks",
				);
				MARKETING_VERSION = 1.0;
				PRODUCT_BUNDLE_IDENTIFIER = com.lorenzo.brescanzin.F1StatsApp;
				PRODUCT_NAME = "$(TARGET_NAME)";
				SWIFT_EMIT_LOC_STRINGS = YES;
				SWIFT_VERSION = 5.0;
				TARGETED_DEVICE_FAMILY = "1,2";
			};
			name = Release;
		};
/* End XCBuildConfiguration section */

/* Begin XCConfigurationList section */
		2D609F3A29C9BA5D0072D3FE /* Build configuration list for PBXProject "F1StatsApp" */ = {
			isa = XCConfigurationList;
			buildConfigurations = (
				2D609F5129C9BA5D0072D3FE /* Debug */,
				2D609F5229C9BA5D0072D3FE /* Release */,
			);
			defaultConfigurationIsVisible = 0;
			defaultConfigurationName = Release;
		};
		2D609F5329C9BA5D0072D3FE /* Build configuration list for PBXNativeTarget "F1StatsApp" */ = {
			isa = XCConfigurationList;
			buildConfigurations = (
				2D609F5429C9BA5D0072D3FE /* Debug */,
				2D609F5529C9BA5D0072D3FE /* Release */,
			);
			defaultConfigurationIsVisible = 0;
			defaultConfigurationName = Release;
		};
/* End XCConfigurationList section */

/* Begin XCSwiftPackageProductDependency section */
		2D609F5A29C9C68E0072D3FE /* F1StatsKit */ = {
			isa = XCSwiftPackageProductDependency;
			productName = F1StatsKit;
		};
/* End XCSwiftPackageProductDependency section */
	};
	rootObject = 2D609F3729C9BA5D0072D3FE /* Project object */;
}
